{
  "lockfileVersion": 1,
  "workspaces": {
    "": {
      "name": "esn-lib",
      "dependencies": {
        "@types/oracledb": "^6.6.0",
        "lodash": "^4.17.21",
        "oracledb": "^6.8.0",
        "pg": "^8.14.1",
        "postgrejs": "^2.22.4",
      },
      "devDependencies": {
        "@types/bun": "latest",
        "@types/lodash": "^4.17.16",
        "@types/pg": "^8.11.13",
      },
      "peerDependencies": {
        "typescript": "^5",
      },
    },
  },
  "packages": {
    "@jsopen/objects": ["@jsopen/objects@1.5.2", "", { "dependencies": { "tslib": "^2.8.1" } }, "sha512-AFHAaP6z+IqiOPJ362NQraBUyzcCJcMAqK13aHENNpwv4ddSa/hMvYYBaNScOxIwPnmQdPoN8OJdhPF+lWJPcA=="],

    "@types/bun": ["@types/bun@1.2.9", "", { "dependencies": { "bun-types": "1.2.9" } }, "sha512-epShhLGQYc4Bv/aceHbmBhOz1XgUnuTZgcxjxk+WXwNyDXavv5QHD1QEFV0FwbTSQtNq6g4ZcV6y0vZakTjswg=="],

    "@types/lodash": ["@types/lodash@4.17.16", "", {}, "sha512-HX7Em5NYQAXKW+1T+FiuG27NGwzJfCX3s1GjOa7ujxZa52kjJLOr4FUxT+giF6Tgxv1e+/czV/iTtBw27WTU9g=="],

    "@types/node": ["@types/node@22.14.1", "", { "dependencies": { "undici-types": "~6.21.0" } }, "sha512-u0HuPQwe/dHrItgHHpmw3N2fYCR6x4ivMNbPHRkBVP4CvN+kiRrKHWk3i8tXiO/joPwXLMYvF9TTF0eqgHIuOw=="],

    "@types/oracledb": ["@types/oracledb@6.6.0", "", { "dependencies": { "@types/node": "*" } }, "sha512-s0iUXICj/MWfZ85+i3m6b9bppyuBGFaUB/k5HJ4zeC/XYiWrZulp1m54oWrNIjoBAfLXvqQBGy6+md8mwKyyKA=="],

    "@types/pg": ["@types/pg@8.11.13", "", { "dependencies": { "@types/node": "*", "pg-protocol": "*", "pg-types": "^4.0.1" } }, "sha512-6kXByGkvRvwXLuyaWzsebs2du6+XuAB2CuMsuzP7uaihQahshVgSmB22Pmh0vQMkQ1h5+PZU0d+Di1o+WpVWJg=="],

    "@types/ws": ["@types/ws@8.18.1", "", { "dependencies": { "@types/node": "*" } }, "sha512-ThVF6DCVhA8kUGy+aazFQ4kXQ7E1Ty7A3ypFOe0IcJV8O/M511G99AW24irKrW56Wt44yG9+ij8FaqoBGkuBXg=="],

    "bun-types": ["bun-types@1.2.9", "", { "dependencies": { "@types/node": "*", "@types/ws": "*" } }, "sha512-dk/kOEfQbajENN/D6FyiSgOKEuUi9PWfqKQJEgwKrCMWbjS/S6tEXp178mWvWAcUSYm9ArDlWHZKO3T/4cLXiw=="],

    "doublylinked": ["doublylinked@2.5.6", "", {}, "sha512-oskbNBycNHjQ0Zg/5DMYiqFnSeblM2BSc2Ehu5+PyBay0ESlullPp0YEjlwtG3QtN4Fb7hC9USJqNyTMftl/1A=="],

    "lightning-pool": ["lightning-pool@4.10.1", "", { "dependencies": { "doublylinked": "^2.5.6", "putil-promisify": "^1.10.1", "tslib": "^2.8.1" } }, "sha512-eYHSsODFCRt+mJF8aIl2mFcxvmiF+I5tTHYTkQvquwcQJlgTMTitOK6gYtRquFpXcqy74apB21awFEidIVnHbw=="],

    "lodash": ["lodash@4.17.21", "", {}, "sha512-v2kDEe57lecTulaDIuNTPy3Ry4gLGJ6Z1O3vE1krgXZNrsQ+LFTGHVxVjcXPs17LhbZVGedAJv8XZ1tvj5FvSg=="],

    "obuf": ["obuf@1.1.2", "", {}, "sha512-PX1wu0AmAdPqOL1mWhqmlOd8kOIZQwGZw6rh7uby9fTc5lhaOWFLX3I6R1hrF9k3zUY40e6igsLGkDXK92LJNg=="],

    "oracledb": ["oracledb@6.8.0", "", {}, "sha512-A4ds4n4xtjPTzk1gwrHWuMeWsEcrScF0GFgVebGrhNpHSAzn6eDwMKcSbakZODKfFcI099iqhmqWsgko8D+7Ww=="],

    "pg": ["pg@8.14.1", "", { "dependencies": { "pg-connection-string": "^2.7.0", "pg-pool": "^3.8.0", "pg-protocol": "^1.8.0", "pg-types": "^2.1.0", "pgpass": "1.x" }, "optionalDependencies": { "pg-cloudflare": "^1.1.1" }, "peerDependencies": { "pg-native": ">=3.0.1" }, "optionalPeers": ["pg-native"] }, "sha512-0TdbqfjwIun9Fm/r89oB7RFQ0bLgduAhiIqIXOsyKoiC/L54DbuAAzIEN/9Op0f1Po9X7iCPXGoa/Ah+2aI8Xw=="],

    "pg-cloudflare": ["pg-cloudflare@1.1.1", "", {}, "sha512-xWPagP/4B6BgFO+EKz3JONXv3YDgvkbVrGw2mTo3D6tVDQRh1e7cqVGvyR3BE+eQgAvx1XhW/iEASj4/jCWl3Q=="],

    "pg-connection-string": ["pg-connection-string@2.7.0", "", {}, "sha512-PI2W9mv53rXJQEOb8xNR8lH7Hr+EKa6oJa38zsK0S/ky2er16ios1wLKhZyxzD7jUReiWokc9WK5nxSnC7W1TA=="],

    "pg-int8": ["pg-int8@1.0.1", "", {}, "sha512-WCtabS6t3c8SkpDBUlb1kjOs7l66xsGdKpIPZsg4wR+B3+u9UAum2odSsF9tnvxg80h4ZxLWMy4pRjOsFIqQpw=="],

    "pg-numeric": ["pg-numeric@1.0.2", "", {}, "sha512-BM/Thnrw5jm2kKLE5uJkXqqExRUY/toLHda65XgFTBTFYZyopbKjBe29Ii3RbkvlsMoFwD+tHeGaCjjv0gHlyw=="],

    "pg-pool": ["pg-pool@3.8.0", "", { "peerDependencies": { "pg": ">=8.0" } }, "sha512-VBw3jiVm6ZOdLBTIcXLNdSotb6Iy3uOCwDGFAksZCXmi10nyRvnP2v3jl4d+IsLYRyXf6o9hIm/ZtUzlByNUdw=="],

    "pg-protocol": ["pg-protocol@1.8.0", "", {}, "sha512-jvuYlEkL03NRvOoyoRktBK7+qU5kOvlAwvmrH8sr3wbLrOdVWsRxQfz8mMy9sZFsqJ1hEWNfdWKI4SAmoL+j7g=="],

    "pg-types": ["pg-types@4.0.2", "", { "dependencies": { "pg-int8": "1.0.1", "pg-numeric": "1.0.2", "postgres-array": "~3.0.1", "postgres-bytea": "~3.0.0", "postgres-date": "~2.1.0", "postgres-interval": "^3.0.0", "postgres-range": "^1.1.1" } }, "sha512-cRL3JpS3lKMGsKaWndugWQoLOCoP+Cic8oseVcbr0qhPzYD5DWXK+RZ9LY9wxRf7RQia4SCwQlXk0q6FCPrVng=="],

    "pgpass": ["pgpass@1.0.5", "", { "dependencies": { "split2": "^4.1.0" } }, "sha512-FdW9r/jQZhSeohs1Z3sI1yxFQNFvMcnmfuj4WBMUTxOrAyLMaTcE1aAMBiTlbMNaXvBCQuVi0R7hd8udDSP7ug=="],

    "postgrejs": ["postgrejs@2.22.4", "", { "dependencies": { "@jsopen/objects": "^1.5.2", "doublylinked": "^2.5.6", "lightning-pool": "^4.10.1", "postgres-bytea": "^3.0.0", "power-tasks": "^1.11.0", "putil-promisify": "^1.10.1", "putil-varhelpers": "^1.6.5", "tslib": "^2.8.1" } }, "sha512-ZtHefKDn7U+0hodDYtApzX/tktZ2O4kK+M5Q0PdUaOziNQoid7O0sWlxGIXzn7/ruHKsGi8DFvm9hTvptVX27w=="],

    "postgres-array": ["postgres-array@3.0.4", "", {}, "sha512-nAUSGfSDGOaOAEGwqsRY27GPOea7CNipJPOA7lPbdEpx5Kg3qzdP0AaWC5MlhTWV9s4hFX39nomVZ+C4tnGOJQ=="],

    "postgres-bytea": ["postgres-bytea@3.0.0", "", { "dependencies": { "obuf": "~1.1.2" } }, "sha512-CNd4jim9RFPkObHSjVHlVrxoVQXz7quwNFpz7RY1okNNme49+sVyiTvTRobiLV548Hx/hb1BG+iE7h9493WzFw=="],

    "postgres-date": ["postgres-date@2.1.0", "", {}, "sha512-K7Juri8gtgXVcDfZttFKVmhglp7epKb1K4pgrkLxehjqkrgPhfG6OO8LHLkfaqkbpjNRnra018XwAr1yQFWGcA=="],

    "postgres-interval": ["postgres-interval@3.0.0", "", {}, "sha512-BSNDnbyZCXSxgA+1f5UU2GmwhoI0aU5yMxRGO8CdFEcY2BQF9xm/7MqKnYoM1nJDk8nONNWDk9WeSmePFhQdlw=="],

    "postgres-range": ["postgres-range@1.1.4", "", {}, "sha512-i/hbxIE9803Alj/6ytL7UHQxRvZkI9O4Sy+J3HGc4F4oo/2eQAjTSNJ0bfxyse3bH0nuVesCk+3IRLaMtG3H6w=="],

    "power-tasks": ["power-tasks@1.11.0", "", { "dependencies": { "doublylinked": "^2.5.4", "strict-typed-events": "^2.8.0", "tslib": "^2.6.3" } }, "sha512-UAVmqOw4miD+BW4gBrL1KJb24akTUfy1XglIFB7domD7Wyj0eQAyK9F9PnYYiw1pVLoyy3L+HfCYWwN2sMwCzg=="],

    "putil-promisify": ["putil-promisify@1.10.1", "", {}, "sha512-1jm0egJNrj5eBDRj15Cg08RNHDV91OVEHeeYjAFRcs663PXxFokndxcJAGbaO6CSErCTp8eTgC8vuOF+fvXIAA=="],

    "putil-varhelpers": ["putil-varhelpers@1.6.5", "", {}, "sha512-kyu+lE5xkc65ScgaIi6rNONLXeS7jGBxl1I0rzHVsFGAAQ45D/VkuEev+t09PFB943F+CqdWFLczH6ePk5TPAA=="],

    "split2": ["split2@4.2.0", "", {}, "sha512-UcjcJOWknrNkF6PLX83qcHM6KHgVKNkV62Y8a5uYDVv9ydGQVwAHMKqHdJje1VTWpljG0WYpCDhrCdAOYH4TWg=="],

    "strict-typed-events": ["strict-typed-events@2.8.0", "", { "dependencies": { "putil-promisify": "^1.10.1", "ts-gems": "^3.5.0", "tslib": "^2.6.3" } }, "sha512-mDCPe06HIzzDliG09N9ypPvx2nDgAFl3IDJe8NNCoViDWYh0E98+02WJdZnUSFWiUphaRbUDbDksg/SgiaEBDA=="],

    "ts-gems": ["ts-gems@3.11.3", "", {}, "sha512-zEAkPUvP9L7f6SmzXq3mtKnRr6nbWt2vMdGl2NO0b1stHFFtKcmNxZKLHyv5889gOp3InI4ki2WaZAtz85OJBg=="],

    "tslib": ["tslib@2.8.1", "", {}, "sha512-oJFu94HQb+KVduSUQL7wnpmqnfmLsOA/nAh6b6EH0wCEoK0/mPeXU6c3wKDV83MkOuHPRHtSXKKU99IBazS/2w=="],

    "typescript": ["typescript@5.8.3", "", { "bin": { "tsc": "bin/tsc", "tsserver": "bin/tsserver" } }, "sha512-p1diW6TqL9L07nNxvRMM7hMMw4c5XOo/1ibL4aAIGmSAt9slTE1Xgw5KWuof2uTOvCg9BY7ZRi+GaF+7sfgPeQ=="],

    "undici-types": ["undici-types@6.21.0", "", {}, "sha512-iwDZqg0QAGrg9Rav5H4n0M64c3mkR59cJ6wQp+7C4nI0gsmExaedaYLNO44eT4AtBBwjbTiGPMlt2Md0T9H9JQ=="],

    "xtend": ["xtend@4.0.2", "", {}, "sha512-LKYU1iAXJXUgAXn9URjiu+MWhyUXHsvfp7mcuYm9dSUKK0/CjtrUwFAxD82/mCWbtLsGjFIad0wIsod4zrTAEQ=="],

    "pg/pg-types": ["pg-types@2.2.0", "", { "dependencies": { "pg-int8": "1.0.1", "postgres-array": "~2.0.0", "postgres-bytea": "~1.0.0", "postgres-date": "~1.0.4", "postgres-interval": "^1.1.0" } }, "sha512-qTAAlrEsl8s4OiEQY69wDvcMIdQN6wdz5ojQiOy6YRMuynxenON0O5oCpJI6lshc6scgAY8qvJ2On/p+CXY0GA=="],

    "pg/pg-types/postgres-array": ["postgres-array@2.0.0", "", {}, "sha512-VpZrUqU5A69eQyW2c5CA1jtLecCsN2U/bD6VilrFDWq5+5UIEVO7nazS3TEcHf1zuPYO/sqGvUvW62g86RXZuA=="],

    "pg/pg-types/postgres-bytea": ["postgres-bytea@1.0.0", "", {}, "sha512-xy3pmLuQqRBZBXDULy7KbaitYqLcmxigw14Q5sj8QBVLqEwXfeybIKVWiqAXTlcvdvb0+xkOtDbfQMOf4lST1w=="],

    "pg/pg-types/postgres-date": ["postgres-date@1.0.7", "", {}, "sha512-suDmjLVQg78nMK2UZ454hAG+OAW+HQPZ6n++TNDUX+L0+uUlLywnoxJKDou51Zm+zTCjrCl0Nq6J9C5hP9vK/Q=="],

    "pg/pg-types/postgres-interval": ["postgres-interval@1.2.0", "", { "dependencies": { "xtend": "^4.0.0" } }, "sha512-9ZhXKM/rw350N1ovuWHbGxnGh/SNJ4cnxHiM0rxE4VN41wsg8P8zWn9hv/buK00RP4WvlOyr/RBDiptyxVbkZQ=="],
  }
}
